
Microsoft Visual Studio Solution File, Format Version 12.00
# Visual Studio 15
Project("{FAE04EC0-301F-11D3-BF4B-00C04F79EFBC}") = "PlayFab", "PlayFab.csproj", "{DEB5B0E0-94FE-4420-665A-E3F5473344F9}"
EndProject
Project("{FAE04EC0-301F-11D3-BF4B-00C04F79EFBC}") = "Assembly-CSharp", "Assembly-CSharp.csproj", "{E1D2C475-1B19-9CD5-8016-EBC2FB1F7DBC}"
EndProject
Project("{FAE04EC0-301F-11D3-BF4B-00C04F79EFBC}") = "PlayFabEditorExtensions", "PlayFabEditorExtensions.csproj", "{5BE051E0-EC92-D7A8-67C7-AA75765642FC}"
EndProject
Project("{FAE04EC0-301F-11D3-BF4B-00C04F79EFBC}") = "PlayFabSDKEditor", "PlayFabSDKEditor.csproj", "{BDEDA01D-B21E-D1B7-A16F-970E95EFE7CD}"
EndProject
Global
	GlobalSection(SolutionConfigurationPlatforms) = preSolution
		Debug|Any CPU = Debug|Any CPU
		Release|Any CPU = Release|Any CPU
	EndGlobalSection
	GlobalSection(ProjectConfigurationPlatforms) = postSolution
		{DEB5B0E0-94FE-4420-665A-E3F5473344F9}.Debug|Any CPU.ActiveCfg = Debug|Any CPU
		{DEB5B0E0-94FE-4420-665A-E3F5473344F9}.Debug|Any CPU.Build.0 = Debug|Any CPU
		{DEB5B0E0-94FE-4420-665A-E3F5473344F9}.Release|Any CPU.ActiveCfg = Release|Any CPU
		{DEB5B0E0-94FE-4420-665A-E3F5473344F9}.Release|Any CPU.Build.0 = Release|Any CPU
		{E1D2C475-1B19-9CD5-8016-EBC2FB1F7DBC}.Debug|Any CPU.ActiveCfg = Debug|Any CPU
		{E1D2C475-1B19-9CD5-8016-EBC2FB1F7DBC}.Debug|Any CPU.Build.0 = Debug|Any CPU
		{E1D2C475-1B19-9CD5-8016-EBC2FB1F7DBC}.Release|Any CPU.ActiveCfg = Release|Any CPU
		{E1D2C475-1B19-9CD5-8016-EBC2FB1F7DBC}.Release|Any CPU.Build.0 = Release|Any CPU
		{5BE051E0-EC92-D7A8-67C7-AA75765642FC}.Debug|Any CPU.ActiveCfg = Debug|Any CPU
		{5BE051E0-EC92-D7A8-67C7-AA75765642FC}.Debug|Any CPU.Build.0 = Debug|Any CPU
		{5BE051E0-EC92-D7A8-67C7-AA75765642FC}.Release|Any CPU.ActiveCfg = Release|Any CPU
		{5BE051E0-EC92-D7A8-67C7-AA75765642FC}.Release|Any CPU.Build.0 = Release|Any CPU
		{BDEDA01D-B21E-D1B7-A16F-970E95EFE7CD}.Debug|Any CPU.ActiveCfg = Debug|Any CPU
		{BDEDA01D-B21E-D1B7-A16F-970E95EFE7CD}.Debug|Any CPU.Build.0 = Debug|Any CPU
		{BDEDA01D-B21E-D1B7-A16F-970E95EFE7CD}.Release|Any CPU.ActiveCfg = Release|Any CPU
		{BDEDA01D-B21E-D1B7-A16F-970E95EFE7CD}.Release|Any CPU.Build.0 = Release|Any CPU
	EndGlobalSection
	GlobalSection(SolutionProperties) = preSolution
		HideSolutionNode = FALSE
	EndGlobalSection
EndGlobal
